
Microsoft Visual Studio Solution File, Format Version 12.00
# Visual Studio Version 16
VisualStudioVersion = 16.0.810.23
MinimumVisualStudioVersion = 10.0.40219.1
Project("{FAE04EC0-301F-11D3-BF4B-00C04F79EFBC}") = "Lists", "Lists.csproj", "{7C6D80CA-F293-4D48-B938-6B2389605405}"
EndProject
Project("{FAE04EC0-301F-11D3-BF4B-00C04F79EFBC}") = "ListsAndFiles", "ListsAndFiles\ListsAndFiles.csproj", "{7E5CA8EF-AD75-4EEA-8DE8-5F2D9257EB68}"
EndProject
Global
	GlobalSection(SolutionConfigurationPlatforms) = preSolution
		Debug|Any CPU = Debug|Any CPU
		Release|Any CPU = Release|Any CPU
	EndGlobalSection
	GlobalSection(ProjectConfigurationPlatforms) = postSolution
		{7C6D80CA-F293-4D48-B938-6B2389605405}.Debug|Any CPU.ActiveCfg = Debug|Any CPU
		{7C6D80CA-F293-4D48-B938-6B2389605405}.Debug|Any CPU.Build.0 = Debug|Any CPU
		{7C6D80CA-F293-4D48-B938-6B2389605405}.Release|Any CPU.ActiveCfg = Release|Any CPU
		{7C6D80CA-F293-4D48-B938-6B2389605405}.Release|Any CPU.Build.0 = Release|Any CPU
		{7E5CA8EF-AD75-4EEA-8DE8-5F2D9257EB68}.Debug|Any CPU.ActiveCfg = Debug|Any CPU
		{7E5CA8EF-AD75-4EEA-8DE8-5F2D9257EB68}.Debug|Any CPU.Build.0 = Debug|Any CPU
		{7E5CA8EF-AD75-4EEA-8DE8-5F2D9257EB68}.Release|Any CPU.ActiveCfg = Release|Any CPU
		{7E5CA8EF-AD75-4EEA-8DE8-5F2D9257EB68}.Release|Any CPU.Build.0 = Release|Any CPU
	EndGlobalSection
	GlobalSection(SolutionProperties) = preSolution
		HideSolutionNode = FALSE
	EndGlobalSection
	GlobalSection(ExtensibilityGlobals) = postSolution
		SolutionGuid = {A4A36D57-E0B1-4E00-B7E6-BDC0DD69E4A4}
	EndGlobalSection
EndGlobal
